
Microsoft Visual Studio Solution File, Format Version 12.00
# Visual Studio 14
VisualStudioVersion = 14.0.24720.0
MinimumVisualStudioVersion = 10.0.40219.1
Project("{2150E333-8FDC-42A3-9474-1A3956D46DE8}") = "10 Presentation Layer", "10 Presentation Layer", "{5265EE8E-483C-49B6-AD76-266F8E84BB82}"
EndProject
Project("{2150E333-8FDC-42A3-9474-1A3956D46DE8}") = "20 Business Layer", "20 Business Layer", "{7673B98D-D4D1-4D52-967D-763703A84116}"
EndProject
Project("{2150E333-8FDC-42A3-9474-1A3956D46DE8}") = "30 Domain Layer", "30 Domain Layer", "{CE76BD4C-80FB-4ACE-99E5-58EE6CF8C41E}"
EndProject
Project("{2150E333-8FDC-42A3-9474-1A3956D46DE8}") = "40 Data Layer", "40 Data Layer", "{CC316538-4BA4-44C1-95EC-4323EE13FD65}"
EndProject
Project("{FAE04EC0-301F-11D3-BF4B-00C04F79EFBC}") = "ShowMeLove.Domain.Core", "ShowMeLove.Domain.Core\ShowMeLove.Domain.Core.csproj", "{D9738ABE-DA22-4569-B7B4-684523860F15}"
EndProject
Project("{FAE04EC0-301F-11D3-BF4B-00C04F79EFBC}") = "ShowMeLove.Data.Fakes", "ShowMeLove.Data.Fakes\ShowMeLove.Data.Fakes.csproj", "{9AC1DD7B-DA1C-499C-84AB-A4A27E4EE2B2}"
EndProject
Project("{FAE04EC0-301F-11D3-BF4B-00C04F79EFBC}") = "ShowMeLove.Data.AzureStorage", "ShowMeLove.Data.AzureStorage\ShowMeLove.Data.AzureStorage.csproj", "{98056D5C-1038-4DC6-8465-89CA93BA76AE}"
EndProject
Project("{FAE04EC0-301F-11D3-BF4B-00C04F79EFBC}") = "ShowMeLove.Business.Managers", "ShowMeLove.Business.Managers\ShowMeLove.Business.Managers.csproj", "{2BF11850-38EF-4F35-B8CB-48F39FDBCE84}"
EndProject
Project("{FAE04EC0-301F-11D3-BF4B-00C04F79EFBC}") = "ShowMeLove.Data.Identity", "ShowMeLove.Data.Identity\ShowMeLove.Data.Identity.csproj", "{1C9ECB2F-B7B0-4DB0-974A-3C75CBD8A2C2}"
EndProject
Project("{2150E333-8FDC-42A3-9474-1A3956D46DE8}") = "Client App", "Client App", "{7B9154F5-F22B-4A18-A4EC-127717084C86}"
EndProject
Project("{FAE04EC0-301F-11D3-BF4B-00C04F79EFBC}") = "ShowMeLove", "ShowMeLove\ShowMeLove.csproj", "{753C3D08-CDE3-4003-88CE-01A4545E15BE}"
EndProject
Project("{FAE04EC0-301F-11D3-BF4B-00C04F79EFBC}") = "ShowMyLove.Data.EventHub", "ShowMyLove.Data.EventHub\ShowMyLove.Data.EventHub.csproj", "{4D2EF340-FA10-4CE3-8A2C-0FBB33947B9B}"
EndProject
Project("{2150E333-8FDC-42A3-9474-1A3956D46DE8}") = "Configuration", "Configuration", "{69ABE5EB-8663-4117-89B2-D0828A5EC747}"
EndProject
Project("{00D1A9C2-B5F0-4AF3-8072-F6C62B433612}") = "ShowMeLoveDB", "ShowMeLoveDB\ShowMeLoveDB.sqlproj", "{FDC04689-74C3-4F79-A4A0-3C6A3B5D53A5}"
EndProject
Global
	GlobalSection(SolutionConfigurationPlatforms) = preSolution
		Debug|Any CPU = Debug|Any CPU
		Debug|ARM = Debug|ARM
		Debug|x64 = Debug|x64
		Debug|x86 = Debug|x86
		Release|Any CPU = Release|Any CPU
		Release|ARM = Release|ARM
		Release|x64 = Release|x64
		Release|x86 = Release|x86
	EndGlobalSection
	GlobalSection(ProjectConfigurationPlatforms) = postSolution
		{D9738ABE-DA22-4569-B7B4-684523860F15}.Debug|Any CPU.ActiveCfg = Debug|Any CPU
		{D9738ABE-DA22-4569-B7B4-684523860F15}.Debug|Any CPU.Build.0 = Debug|Any CPU
		{D9738ABE-DA22-4569-B7B4-684523860F15}.Debug|ARM.ActiveCfg = Debug|ARM
		{D9738ABE-DA22-4569-B7B4-684523860F15}.Debug|ARM.Build.0 = Debug|ARM
		{D9738ABE-DA22-4569-B7B4-684523860F15}.Debug|x64.ActiveCfg = Debug|x64
		{D9738ABE-DA22-4569-B7B4-684523860F15}.Debug|x64.Build.0 = Debug|x64
		{D9738ABE-DA22-4569-B7B4-684523860F15}.Debug|x86.ActiveCfg = Debug|x86
		{D9738ABE-DA22-4569-B7B4-684523860F15}.Debug|x86.Build.0 = Debug|x86
		{D9738ABE-DA22-4569-B7B4-684523860F15}.Release|Any CPU.ActiveCfg = Release|Any CPU
		{D9738ABE-DA22-4569-B7B4-684523860F15}.Release|Any CPU.Build.0 = Release|Any CPU
		{D9738ABE-DA22-4569-B7B4-684523860F15}.Release|ARM.ActiveCfg = Release|ARM
		{D9738ABE-DA22-4569-B7B4-684523860F15}.Release|ARM.Build.0 = Release|ARM
		{D9738ABE-DA22-4569-B7B4-684523860F15}.Release|x64.ActiveCfg = Release|x64
		{D9738ABE-DA22-4569-B7B4-684523860F15}.Release|x64.Build.0 = Release|x64
		{D9738ABE-DA22-4569-B7B4-684523860F15}.Release|x86.ActiveCfg = Release|x86
		{D9738ABE-DA22-4569-B7B4-684523860F15}.Release|x86.Build.0 = Release|x86
		{9AC1DD7B-DA1C-499C-84AB-A4A27E4EE2B2}.Debug|Any CPU.ActiveCfg = Debug|Any CPU
		{9AC1DD7B-DA1C-499C-84AB-A4A27E4EE2B2}.Debug|Any CPU.Build.0 = Debug|Any CPU
		{9AC1DD7B-DA1C-499C-84AB-A4A27E4EE2B2}.Debug|ARM.ActiveCfg = Debug|ARM
		{9AC1DD7B-DA1C-499C-84AB-A4A27E4EE2B2}.Debug|ARM.Build.0 = Debug|ARM
		{9AC1DD7B-DA1C-499C-84AB-A4A27E4EE2B2}.Debug|x64.ActiveCfg = Debug|x64
		{9AC1DD7B-DA1C-499C-84AB-A4A27E4EE2B2}.Debug|x64.Build.0 = Debug|x64
		{9AC1DD7B-DA1C-499C-84AB-A4A27E4EE2B2}.Debug|x86.ActiveCfg = Debug|x86
		{9AC1DD7B-DA1C-499C-84AB-A4A27E4EE2B2}.Debug|x86.Build.0 = Debug|x86
		{9AC1DD7B-DA1C-499C-84AB-A4A27E4EE2B2}.Release|Any CPU.ActiveCfg = Release|Any CPU
		{9AC1DD7B-DA1C-499C-84AB-A4A27E4EE2B2}.Release|Any CPU.Build.0 = Release|Any CPU
		{9AC1DD7B-DA1C-499C-84AB-A4A27E4EE2B2}.Release|ARM.ActiveCfg = Release|ARM
		{9AC1DD7B-DA1C-499C-84AB-A4A27E4EE2B2}.Release|ARM.Build.0 = Release|ARM
		{9AC1DD7B-DA1C-499C-84AB-A4A27E4EE2B2}.Release|x64.ActiveCfg = Release|x64
		{9AC1DD7B-DA1C-499C-84AB-A4A27E4EE2B2}.Release|x64.Build.0 = Release|x64
		{9AC1DD7B-DA1C-499C-84AB-A4A27E4EE2B2}.Release|x86.ActiveCfg = Release|x86
		{9AC1DD7B-DA1C-499C-84AB-A4A27E4EE2B2}.Release|x86.Build.0 = Release|x86
		{98056D5C-1038-4DC6-8465-89CA93BA76AE}.Debug|Any CPU.ActiveCfg = Debug|Any CPU
		{98056D5C-1038-4DC6-8465-89CA93BA76AE}.Debug|Any CPU.Build.0 = Debug|Any CPU
		{98056D5C-1038-4DC6-8465-89CA93BA76AE}.Debug|ARM.ActiveCfg = Debug|ARM
		{98056D5C-1038-4DC6-8465-89CA93BA76AE}.Debug|ARM.Build.0 = Debug|ARM
		{98056D5C-1038-4DC6-8465-89CA93BA76AE}.Debug|x64.ActiveCfg = Debug|x64
		{98056D5C-1038-4DC6-8465-89CA93BA76AE}.Debug|x64.Build.0 = Debug|x64
		{98056D5C-1038-4DC6-8465-89CA93BA76AE}.Debug|x86.ActiveCfg = Debug|x86
		{98056D5C-1038-4DC6-8465-89CA93BA76AE}.Debug|x86.Build.0 = Debug|x86
		{98056D5C-1038-4DC6-8465-89CA93BA76AE}.Release|Any CPU.ActiveCfg = Release|Any CPU
		{98056D5C-1038-4DC6-8465-89CA93BA76AE}.Release|Any CPU.Build.0 = Release|Any CPU
		{98056D5C-1038-4DC6-8465-89CA93BA76AE}.Release|ARM.ActiveCfg = Release|ARM
		{98056D5C-1038-4DC6-8465-89CA93BA76AE}.Release|ARM.Build.0 = Release|ARM
		{98056D5C-1038-4DC6-8465-89CA93BA76AE}.Release|x64.ActiveCfg = Release|x64
		{98056D5C-1038-4DC6-8465-89CA93BA76AE}.Release|x64.Build.0 = Release|x64
		{98056D5C-1038-4DC6-8465-89CA93BA76AE}.Release|x86.ActiveCfg = Release|x86
		{98056D5C-1038-4DC6-8465-89CA93BA76AE}.Release|x86.Build.0 = Release|x86
		{2BF11850-38EF-4F35-B8CB-48F39FDBCE84}.Debug|Any CPU.ActiveCfg = Debug|Any CPU
		{2BF11850-38EF-4F35-B8CB-48F39FDBCE84}.Debug|Any CPU.Build.0 = Debug|Any CPU
		{2BF11850-38EF-4F35-B8CB-48F39FDBCE84}.Debug|ARM.ActiveCfg = Debug|ARM
		{2BF11850-38EF-4F35-B8CB-48F39FDBCE84}.Debug|ARM.Build.0 = Debug|ARM
		{2BF11850-38EF-4F35-B8CB-48F39FDBCE84}.Debug|x64.ActiveCfg = Debug|x64
		{2BF11850-38EF-4F35-B8CB-48F39FDBCE84}.Debug|x64.Build.0 = Debug|x64
		{2BF11850-38EF-4F35-B8CB-48F39FDBCE84}.Debug|x86.ActiveCfg = Debug|x86
		{2BF11850-38EF-4F35-B8CB-48F39FDBCE84}.Debug|x86.Build.0 = Debug|x86
		{2BF11850-38EF-4F35-B8CB-48F39FDBCE84}.Release|Any CPU.ActiveCfg = Release|Any CPU
		{2BF11850-38EF-4F35-B8CB-48F39FDBCE84}.Release|Any CPU.Build.0 = Release|Any CPU
		{2BF11850-38EF-4F35-B8CB-48F39FDBCE84}.Release|ARM.ActiveCfg = Release|ARM
		{2BF11850-38EF-4F35-B8CB-48F39FDBCE84}.Release|ARM.Build.0 = Release|ARM
		{2BF11850-38EF-4F35-B8CB-48F39FDBCE84}.Release|x64.ActiveCfg = Release|x64
		{2BF11850-38EF-4F35-B8CB-48F39FDBCE84}.Release|x64.Build.0 = Release|x64
		{2BF11850-38EF-4F35-B8CB-48F39FDBCE84}.Release|x86.ActiveCfg = Release|x86
		{2BF11850-38EF-4F35-B8CB-48F39FDBCE84}.Release|x86.Build.0 = Release|x86
		{1C9ECB2F-B7B0-4DB0-974A-3C75CBD8A2C2}.Debug|Any CPU.ActiveCfg = Debug|Any CPU
		{1C9ECB2F-B7B0-4DB0-974A-3C75CBD8A2C2}.Debug|Any CPU.Build.0 = Debug|Any CPU
		{1C9ECB2F-B7B0-4DB0-974A-3C75CBD8A2C2}.Debug|ARM.ActiveCfg = Debug|ARM
		{1C9ECB2F-B7B0-4DB0-974A-3C75CBD8A2C2}.Debug|ARM.Build.0 = Debug|ARM
		{1C9ECB2F-B7B0-4DB0-974A-3C75CBD8A2C2}.Debug|x64.ActiveCfg = Debug|x64
		{1C9ECB2F-B7B0-4DB0-974A-3C75CBD8A2C2}.Debug|x64.Build.0 = Debug|x64
		{1C9ECB2F-B7B0-4DB0-974A-3C75CBD8A2C2}.Debug|x86.ActiveCfg = Debug|x86
		{1C9ECB2F-B7B0-4DB0-974A-3C75CBD8A2C2}.Debug|x86.Build.0 = Debug|x86
		{1C9ECB2F-B7B0-4DB0-974A-3C75CBD8A2C2}.Release|Any CPU.ActiveCfg = Release|Any CPU
		{1C9ECB2F-B7B0-4DB0-974A-3C75CBD8A2C2}.Release|Any CPU.Build.0 = Release|Any CPU
		{1C9ECB2F-B7B0-4DB0-974A-3C75CBD8A2C2}.Release|ARM.ActiveCfg = Release|ARM
		{1C9ECB2F-B7B0-4DB0-974A-3C75CBD8A2C2}.Release|ARM.Build.0 = Release|ARM
		{1C9ECB2F-B7B0-4DB0-974A-3C75CBD8A2C2}.Release|x64.ActiveCfg = Release|x64
		{1C9ECB2F-B7B0-4DB0-974A-3C75CBD8A2C2}.Release|x64.Build.0 = Release|x64
		{1C9ECB2F-B7B0-4DB0-974A-3C75CBD8A2C2}.Release|x86.ActiveCfg = Release|x86
		{1C9ECB2F-B7B0-4DB0-974A-3C75CBD8A2C2}.Release|x86.Build.0 = Release|x86
		{753C3D08-CDE3-4003-88CE-01A4545E15BE}.Debug|Any CPU.ActiveCfg = Debug|x86
		{753C3D08-CDE3-4003-88CE-01A4545E15BE}.Debug|ARM.ActiveCfg = Debug|ARM
		{753C3D08-CDE3-4003-88CE-01A4545E15BE}.Debug|ARM.Build.0 = Debug|ARM
		{753C3D08-CDE3-4003-88CE-01A4545E15BE}.Debug|ARM.Deploy.0 = Debug|ARM
		{753C3D08-CDE3-4003-88CE-01A4545E15BE}.Debug|x64.ActiveCfg = Debug|x64
		{753C3D08-CDE3-4003-88CE-01A4545E15BE}.Debug|x64.Build.0 = Debug|x64
		{753C3D08-CDE3-4003-88CE-01A4545E15BE}.Debug|x64.Deploy.0 = Debug|x64
		{753C3D08-CDE3-4003-88CE-01A4545E15BE}.Debug|x86.ActiveCfg = Debug|x86
		{753C3D08-CDE3-4003-88CE-01A4545E15BE}.Debug|x86.Build.0 = Debug|x86
		{753C3D08-CDE3-4003-88CE-01A4545E15BE}.Debug|x86.Deploy.0 = Debug|x86
		{753C3D08-CDE3-4003-88CE-01A4545E15BE}.Release|Any CPU.ActiveCfg = Release|x86
		{753C3D08-CDE3-4003-88CE-01A4545E15BE}.Release|ARM.ActiveCfg = Release|ARM
		{753C3D08-CDE3-4003-88CE-01A4545E15BE}.Release|ARM.Build.0 = Release|ARM
		{753C3D08-CDE3-4003-88CE-01A4545E15BE}.Release|ARM.Deploy.0 = Release|ARM
		{753C3D08-CDE3-4003-88CE-01A4545E15BE}.Release|x64.ActiveCfg = Release|x64
		{753C3D08-CDE3-4003-88CE-01A4545E15BE}.Release|x64.Build.0 = Release|x64
		{753C3D08-CDE3-4003-88CE-01A4545E15BE}.Release|x64.Deploy.0 = Release|x64
		{753C3D08-CDE3-4003-88CE-01A4545E15BE}.Release|x86.ActiveCfg = Release|x86
		{753C3D08-CDE3-4003-88CE-01A4545E15BE}.Release|x86.Build.0 = Release|x86
		{753C3D08-CDE3-4003-88CE-01A4545E15BE}.Release|x86.Deploy.0 = Release|x86
		{4D2EF340-FA10-4CE3-8A2C-0FBB33947B9B}.Debug|Any CPU.ActiveCfg = Debug|Any CPU
		{4D2EF340-FA10-4CE3-8A2C-0FBB33947B9B}.Debug|Any CPU.Build.0 = Debug|Any CPU
		{4D2EF340-FA10-4CE3-8A2C-0FBB33947B9B}.Debug|ARM.ActiveCfg = Debug|ARM
		{4D2EF340-FA10-4CE3-8A2C-0FBB33947B9B}.Debug|ARM.Build.0 = Debug|ARM
		{4D2EF340-FA10-4CE3-8A2C-0FBB33947B9B}.Debug|x64.ActiveCfg = Debug|x64
		{4D2EF340-FA10-4CE3-8A2C-0FBB33947B9B}.Debug|x64.Build.0 = Debug|x64
		{4D2EF340-FA10-4CE3-8A2C-0FBB33947B9B}.Debug|x86.ActiveCfg = Debug|x86
		{4D2EF340-FA10-4CE3-8A2C-0FBB33947B9B}.Debug|x86.Build.0 = Debug|x86
		{4D2EF340-FA10-4CE3-8A2C-0FBB33947B9B}.Release|Any CPU.ActiveCfg = Release|Any CPU
		{4D2EF340-FA10-4CE3-8A2C-0FBB33947B9B}.Release|Any CPU.Build.0 = Release|Any CPU
		{4D2EF340-FA10-4CE3-8A2C-0FBB33947B9B}.Release|ARM.ActiveCfg = Release|ARM
		{4D2EF340-FA10-4CE3-8A2C-0FBB33947B9B}.Release|ARM.Build.0 = Release|ARM
		{4D2EF340-FA10-4CE3-8A2C-0FBB33947B9B}.Release|x64.ActiveCfg = Release|x64
		{4D2EF340-FA10-4CE3-8A2C-0FBB33947B9B}.Release|x64.Build.0 = Release|x64
		{4D2EF340-FA10-4CE3-8A2C-0FBB33947B9B}.Release|x86.ActiveCfg = Release|x86
		{4D2EF340-FA10-4CE3-8A2C-0FBB33947B9B}.Release|x86.Build.0 = Release|x86
		{FDC04689-74C3-4F79-A4A0-3C6A3B5D53A5}.Debug|Any CPU.ActiveCfg = Debug|Any CPU
		{FDC04689-74C3-4F79-A4A0-3C6A3B5D53A5}.Debug|Any CPU.Build.0 = Debug|Any CPU
		{FDC04689-74C3-4F79-A4A0-3C6A3B5D53A5}.Debug|Any CPU.Deploy.0 = Debug|Any CPU
		{FDC04689-74C3-4F79-A4A0-3C6A3B5D53A5}.Debug|ARM.ActiveCfg = Debug|Any CPU
		{FDC04689-74C3-4F79-A4A0-3C6A3B5D53A5}.Debug|ARM.Build.0 = Debug|Any CPU
		{FDC04689-74C3-4F79-A4A0-3C6A3B5D53A5}.Debug|ARM.Deploy.0 = Debug|Any CPU
		{FDC04689-74C3-4F79-A4A0-3C6A3B5D53A5}.Debug|x64.ActiveCfg = Debug|Any CPU
		{FDC04689-74C3-4F79-A4A0-3C6A3B5D53A5}.Debug|x64.Build.0 = Debug|Any CPU
		{FDC04689-74C3-4F79-A4A0-3C6A3B5D53A5}.Debug|x64.Deploy.0 = Debug|Any CPU
		{FDC04689-74C3-4F79-A4A0-3C6A3B5D53A5}.Debug|x86.ActiveCfg = Debug|Any CPU
		{FDC04689-74C3-4F79-A4A0-3C6A3B5D53A5}.Debug|x86.Build.0 = Debug|Any CPU
		{FDC04689-74C3-4F79-A4A0-3C6A3B5D53A5}.Debug|x86.Deploy.0 = Debug|Any CPU
		{FDC04689-74C3-4F79-A4A0-3C6A3B5D53A5}.Release|Any CPU.ActiveCfg = Release|Any CPU
		{FDC04689-74C3-4F79-A4A0-3C6A3B5D53A5}.Release|Any CPU.Build.0 = Release|Any CPU
		{FDC04689-74C3-4F79-A4A0-3C6A3B5D53A5}.Release|Any CPU.Deploy.0 = Release|Any CPU
		{FDC04689-74C3-4F79-A4A0-3C6A3B5D53A5}.Release|ARM.ActiveCfg = Release|Any CPU
		{FDC04689-74C3-4F79-A4A0-3C6A3B5D53A5}.Release|ARM.Build.0 = Release|Any CPU
		{FDC04689-74C3-4F79-A4A0-3C6A3B5D53A5}.Release|ARM.Deploy.0 = Release|Any CPU
		{FDC04689-74C3-4F79-A4A0-3C6A3B5D53A5}.Release|x64.ActiveCfg = Release|Any CPU
		{FDC04689-74C3-4F79-A4A0-3C6A3B5D53A5}.Release|x64.Build.0 = Release|Any CPU
		{FDC04689-74C3-4F79-A4A0-3C6A3B5D53A5}.Release|x64.Deploy.0 = Release|Any CPU
		{FDC04689-74C3-4F79-A4A0-3C6A3B5D53A5}.Release|x86.ActiveCfg = Release|Any CPU
		{FDC04689-74C3-4F79-A4A0-3C6A3B5D53A5}.Release|x86.Build.0 = Release|Any CPU
		{FDC04689-74C3-4F79-A4A0-3C6A3B5D53A5}.Release|x86.Deploy.0 = Release|Any CPU
	EndGlobalSection
	GlobalSection(SolutionProperties) = preSolution
		HideSolutionNode = FALSE
	EndGlobalSection
	GlobalSection(NestedProjects) = preSolution
		{D9738ABE-DA22-4569-B7B4-684523860F15} = {CE76BD4C-80FB-4ACE-99E5-58EE6CF8C41E}
		{9AC1DD7B-DA1C-499C-84AB-A4A27E4EE2B2} = {CC316538-4BA4-44C1-95EC-4323EE13FD65}
		{98056D5C-1038-4DC6-8465-89CA93BA76AE} = {CC316538-4BA4-44C1-95EC-4323EE13FD65}
		{2BF11850-38EF-4F35-B8CB-48F39FDBCE84} = {7673B98D-D4D1-4D52-967D-763703A84116}
		{1C9ECB2F-B7B0-4DB0-974A-3C75CBD8A2C2} = {CC316538-4BA4-44C1-95EC-4323EE13FD65}
		{7B9154F5-F22B-4A18-A4EC-127717084C86} = {5265EE8E-483C-49B6-AD76-266F8E84BB82}
		{753C3D08-CDE3-4003-88CE-01A4545E15BE} = {7B9154F5-F22B-4A18-A4EC-127717084C86}
		{4D2EF340-FA10-4CE3-8A2C-0FBB33947B9B} = {CC316538-4BA4-44C1-95EC-4323EE13FD65}
		{69ABE5EB-8663-4117-89B2-D0828A5EC747} = {5265EE8E-483C-49B6-AD76-266F8E84BB82}
		{FDC04689-74C3-4F79-A4A0-3C6A3B5D53A5} = {69ABE5EB-8663-4117-89B2-D0828A5EC747}
	EndGlobalSection
EndGlobal
